
Microsoft Visual Studio Solution File, Format Version 12.00
# Visual Studio Version 16
VisualStudioVersion = 16.0.32228.343
MinimumVisualStudioVersion = 10.0.40219.1
Project("{FAE04EC0-301F-11D3-BF4B-00C04F79EFBC}") = "FileEncryptionConsoleApp", "FileEncryptionConsoleApp\FileEncryptionConsoleApp.csproj", "{DFC0BA32-EE12-48F8-BB03-5D29B06DA745}"
EndProject
Global
	GlobalSection(SolutionConfigurationPlatforms) = preSolution
		Debug|Any CPU = Debug|Any CPU
		Release|Any CPU = Release|Any CPU
	EndGlobalSection
	GlobalSection(ProjectConfigurationPlatforms) = postSolution
		{DFC0BA32-EE12-48F8-BB03-5D29B06DA745}.Debug|Any CPU.ActiveCfg = Debug|Any CPU
		{DFC0BA32-EE12-48F8-BB03-5D29B06DA745}.Debug|Any CPU.Build.0 = Debug|Any CPU
		{DFC0BA32-EE12-48F8-BB03-5D29B06DA745}.Release|Any CPU.ActiveCfg = Release|Any CPU
		{DFC0BA32-EE12-48F8-BB03-5D29B06DA745}.Release|Any CPU.Build.0 = Release|Any CPU
	EndGlobalSection
	GlobalSection(SolutionProperties) = preSolution
		HideSolutionNode = FALSE
	EndGlobalSection
	GlobalSection(ExtensibilityGlobals) = postSolution
		SolutionGuid = {8963E6E1-AF5B-468E-9C8E-615028EDBC80}
	EndGlobalSection
EndGlobal
